{
  "version": 4,
  "terraform_version": "0.12.16",
  "serial": 157,
  "lineage": "b8e84e62-6322-883a-c29f-6c182a39f983",
  "outputs": {
    "kubeone_api": {
      "value": {
        "endpoint": "35.198.175.3"
      },
      "type": [
        "object",
        {
          "endpoint": "string"
        }
      ]
    },
    "kubeone_hosts": {
      "value": {
        "control_plane": {
          "cloud_provider": "gce",
          "cluster_name": "demo",
          "hostnames": [
            "demo-control-plane-1",
            "demo-control-plane-2",
            "demo-control-plane-3"
          ],
          "private_address": [
            "10.240.0.3",
            "10.240.0.2",
            "10.240.0.4"
          ],
          "public_address": [
            "34.89.244.13",
            "34.89.231.224",
            "34.89.214.66"
          ],
          "ssh_agent_socket": "env:SSH_AUTH_SOCK",
          "ssh_port": 22,
          "ssh_private_key_file": "",
          "ssh_user": "root"
        }
      },
      "type": [
        "object",
        {
          "control_plane": [
            "object",
            {
              "cloud_provider": "string",
              "cluster_name": "string",
              "hostnames": [
                "tuple",
                [
                  "string",
                  "string",
                  "string"
                ]
              ],
              "private_address": [
                "tuple",
                [
                  "string",
                  "string",
                  "string"
                ]
              ],
              "public_address": [
                "tuple",
                [
                  "string",
                  "string",
                  "string"
                ]
              ],
              "ssh_agent_socket": "string",
              "ssh_port": "number",
              "ssh_private_key_file": "string",
              "ssh_user": "string"
            }
          ]
        }
      ]
    },
    "kubeone_workers": {
      "value": {
        "demo-pool1": {
          "providerSpec": {
            "cloudProviderSpec": {
              "assignPublicIPAddress": true,
              "diskSize": 50,
              "diskType": "pd-ssd",
              "labels": {
                "demo-workers": "pool1"
              },
              "machineType": "n1-highmem-2",
              "multizone": true,
              "network": "https://www.googleapis.com/compute/v1/projects/udagram-kubernetes/global/networks/demo",
              "preemptible": false,
              "regional": false,
              "subnetwork": "https://www.googleapis.com/compute/v1/projects/udagram-kubernetes/regions/europe-west3/subnetworks/demo-subnet",
              "tags": [
                "firewall",
                "targets",
                "demo-pool1"
              ],
              "zone": "europe-west3-a"
            },
            "operatingSystem": "ubuntu",
            "operatingSystemSpec": {
              "distUpgradeOnBoot": false
            },
            "sshPublicKeys": [
              "ssh-rsa AAAAB3NzaC1yc2EAAAADAQABAAABAQCk7Pe5k3YRMn6R3dahPzfbp54vvkXD2UPT/hXGfRXJxTTW5ETjAb4ijAk4BLE6Jr08xLx4cbSMpuyGlgSEImMb9Wskp+Vl3+GNiaARVlHEQZ2OBTXGug8fu0tcL2/vBVYT4izW0S/7ctaoByiEZ9aEwmcbPKOviLhNdBW3QXoeERPweMgAVSvHmVeptAEpG3/pksCN+4VWdTGE7+389jAvZ22yxEAUi8EC4/SC6hYaJuaGg4Wv66Yw8Pr7+TgmtQTiEB4MEr8ZbalRpnYdOwYs8AErIYq69rQk0rqJk3Q58KB/eWZwoU+kYzGzL7jIP21pgo9a4K00VnMNx2mC7Yzn pieter@bat\n"
            ]
          },
          "replicas": 1
        }
      },
      "type": [
        "object",
        {
          "demo-pool1": [
            "object",
            {
              "providerSpec": [
                "object",
                {
                  "cloudProviderSpec": [
                    "object",
                    {
                      "assignPublicIPAddress": "bool",
                      "diskSize": "number",
                      "diskType": "string",
                      "labels": [
                        "object",
                        {
                          "demo-workers": "string"
                        }
                      ],
                      "machineType": "string",
                      "multizone": "bool",
                      "network": "string",
                      "preemptible": "bool",
                      "regional": "bool",
                      "subnetwork": "string",
                      "tags": [
                        "tuple",
                        [
                          "string",
                          "string",
                          "string"
                        ]
                      ],
                      "zone": "string"
                    }
                  ],
                  "operatingSystem": "string",
                  "operatingSystemSpec": [
                    "object",
                    {
                      "distUpgradeOnBoot": "bool"
                    }
                  ],
                  "sshPublicKeys": [
                    "tuple",
                    [
                      "string"
                    ]
                  ]
                }
              ],
              "replicas": "number"
            }
          ]
        }
      ]
    }
  },
  "resources": [
    {
      "mode": "data",
      "type": "google_compute_image",
      "name": "control_plane_image",
      "provider": "provider.google",
      "instances": [
        {
          "schema_version": 0,
          "attributes": {
            "archive_size_bytes": 10224135936,
            "creation_timestamp": "2020-01-29T17:04:51.945-08:00",
            "description": "Canonical, Ubuntu, 18.04 LTS, amd64 bionic image built on 2020-01-29",
            "disk_size_gb": 10,
            "family": "ubuntu-1804-lts",
            "id": "ubuntu-os-cloud/family/ubuntu-1804-lts",
            "image_encryption_key_sha256": "",
            "image_id": "1632450787137262940",
            "label_fingerprint": "42WmSpB8rSM=",
            "labels": {},
            "licenses": [
              "https://www.googleapis.com/compute/v1/projects/ubuntu-os-cloud/global/licenses/ubuntu-1804-lts"
            ],
            "name": "ubuntu-1804-bionic-v20200129a",
            "project": "ubuntu-os-cloud",
            "self_link": "https://www.googleapis.com/compute/v1/projects/ubuntu-os-cloud/global/images/ubuntu-1804-bionic-v20200129a",
            "source_disk": "",
            "source_disk_encryption_key_sha256": "",
            "source_disk_id": "",
            "source_image_id": "",
            "status": "READY"
          }
        }
      ]
    },
    {
      "mode": "data",
      "type": "google_compute_zones",
      "name": "available",
      "provider": "provider.google",
      "instances": [
        {
          "schema_version": 0,
          "attributes": {
            "id": "2020-01-31 05:20:27.119743306 +0000 UTC",
            "names": [
              "europe-west3-a",
              "europe-west3-b",
              "europe-west3-c"
            ],
            "project": "udagram-kubernetes",
            "region": "europe-west3",
            "status": null
          }
        }
      ]
    },
    {
      "mode": "managed",
      "type": "google_compute_address",
      "name": "lb_ip",
      "provider": "provider.google",
      "instances": [
        {
          "schema_version": 0,
          "attributes": {
            "address": "35.198.175.3",
            "address_type": "EXTERNAL",
            "creation_timestamp": "2020-01-30T21:20:52.105-08:00",
            "description": "",
            "id": "projects/udagram-kubernetes/regions/europe-west3/addresses/demo-lb-ip",
            "name": "demo-lb-ip",
            "network_tier": "PREMIUM",
            "project": "udagram-kubernetes",
            "purpose": "",
            "region": "europe-west3",
            "self_link": "https://www.googleapis.com/compute/v1/projects/udagram-kubernetes/regions/europe-west3/addresses/demo-lb-ip",
            "subnetwork": "",
            "timeouts": null,
            "users": []
          },
          "private": "eyJlMmJmYjczMC1lY2FhLTExZTYtOGY4OC0zNDM2M2JjN2M0YzAiOnsiY3JlYXRlIjoyNDAwMDAwMDAwMDAsImRlbGV0ZSI6MjQwMDAwMDAwMDAwfX0="
        }
      ]
    },
    {
      "mode": "managed",
      "type": "google_compute_firewall",
      "name": "common",
      "provider": "provider.google",
      "instances": [
        {
          "schema_version": 1,
          "attributes": {
            "allow": [
              {
                "ports": [
                  "22"
                ],
                "protocol": "tcp"
              }
            ],
            "creation_timestamp": "2020-01-30T21:20:52.132-08:00",
            "deny": [],
            "description": "",
            "destination_ranges": [],
            "direction": "INGRESS",
            "disabled": false,
            "enable_logging": false,
            "id": "projects/udagram-kubernetes/global/firewalls/demo-common",
            "name": "demo-common",
            "network": "https://www.googleapis.com/compute/v1/projects/udagram-kubernetes/global/networks/demo",
            "priority": 1000,
            "project": "udagram-kubernetes",
            "self_link": "https://www.googleapis.com/compute/v1/projects/udagram-kubernetes/global/firewalls/demo-common",
            "source_ranges": [
              "0.0.0.0/0"
            ],
            "source_service_accounts": null,
            "source_tags": null,
            "target_service_accounts": null,
            "target_tags": null,
            "timeouts": null
          },
          "private": "eyJlMmJmYjczMC1lY2FhLTExZTYtOGY4OC0zNDM2M2JjN2M0YzAiOnsiY3JlYXRlIjoyNDAwMDAwMDAwMDAsImRlbGV0ZSI6MjQwMDAwMDAwMDAwLCJ1cGRhdGUiOjI0MDAwMDAwMDAwMH0sInNjaGVtYV92ZXJzaW9uIjoiMSJ9",
          "dependencies": [
            "google_compute_network.network"
          ]
        }
      ]
    },
    {
      "mode": "managed",
      "type": "google_compute_firewall",
      "name": "control_plane",
      "provider": "provider.google",
      "instances": [
        {
          "schema_version": 1,
          "attributes": {
            "allow": [
              {
                "ports": [
                  "6443"
                ],
                "protocol": "tcp"
              }
            ],
            "creation_timestamp": "2020-01-30T21:20:52.243-08:00",
            "deny": [],
            "description": "",
            "destination_ranges": [],
            "direction": "INGRESS",
            "disabled": false,
            "enable_logging": false,
            "id": "projects/udagram-kubernetes/global/firewalls/demo-control-plane",
            "name": "demo-control-plane",
            "network": "https://www.googleapis.com/compute/v1/projects/udagram-kubernetes/global/networks/demo",
            "priority": 1000,
            "project": "udagram-kubernetes",
            "self_link": "https://www.googleapis.com/compute/v1/projects/udagram-kubernetes/global/firewalls/demo-control-plane",
            "source_ranges": [
              "0.0.0.0/0"
            ],
            "source_service_accounts": null,
            "source_tags": null,
            "target_service_accounts": null,
            "target_tags": null,
            "timeouts": null
          },
          "private": "eyJlMmJmYjczMC1lY2FhLTExZTYtOGY4OC0zNDM2M2JjN2M0YzAiOnsiY3JlYXRlIjoyNDAwMDAwMDAwMDAsImRlbGV0ZSI6MjQwMDAwMDAwMDAwLCJ1cGRhdGUiOjI0MDAwMDAwMDAwMH0sInNjaGVtYV92ZXJzaW9uIjoiMSJ9",
          "dependencies": [
            "google_compute_network.network"
          ]
        }
      ]
    },
    {
      "mode": "managed",
      "type": "google_compute_firewall",
      "name": "internal",
      "provider": "provider.google",
      "instances": [
        {
          "schema_version": 1,
          "attributes": {
            "allow": [
              {
                "ports": [
                  "0-65535"
                ],
                "protocol": "tcp"
              },
              {
                "ports": [
                  "0-65535"
                ],
                "protocol": "udp"
              },
              {
                "ports": [],
                "protocol": "icmp"
              }
            ],
            "creation_timestamp": "2020-01-30T21:20:52.268-08:00",
            "deny": [],
            "description": "",
            "destination_ranges": [],
            "direction": "INGRESS",
            "disabled": false,
            "enable_logging": false,
            "id": "projects/udagram-kubernetes/global/firewalls/demo-internal",
            "name": "demo-internal",
            "network": "https://www.googleapis.com/compute/v1/projects/udagram-kubernetes/global/networks/demo",
            "priority": 1000,
            "project": "udagram-kubernetes",
            "self_link": "https://www.googleapis.com/compute/v1/projects/udagram-kubernetes/global/firewalls/demo-internal",
            "source_ranges": [
              "10.240.0.0/24"
            ],
            "source_service_accounts": null,
            "source_tags": null,
            "target_service_accounts": null,
            "target_tags": null,
            "timeouts": null
          },
          "private": "eyJlMmJmYjczMC1lY2FhLTExZTYtOGY4OC0zNDM2M2JjN2M0YzAiOnsiY3JlYXRlIjoyNDAwMDAwMDAwMDAsImRlbGV0ZSI6MjQwMDAwMDAwMDAwLCJ1cGRhdGUiOjI0MDAwMDAwMDAwMH0sInNjaGVtYV92ZXJzaW9uIjoiMSJ9",
          "dependencies": [
            "google_compute_network.network"
          ]
        }
      ]
    },
    {
      "mode": "managed",
      "type": "google_compute_forwarding_rule",
      "name": "control_plane",
      "provider": "provider.google",
      "instances": [
        {
          "schema_version": 0,
          "attributes": {
            "all_ports": false,
            "backend_service": "",
            "creation_timestamp": "2020-01-30T21:21:26.220-08:00",
            "description": "",
            "id": "projects/udagram-kubernetes/regions/europe-west3/forwardingRules/demo-apiserver",
            "ip_address": "35.198.175.3",
            "ip_protocol": "TCP",
            "ip_version": null,
            "load_balancing_scheme": "EXTERNAL",
            "name": "demo-apiserver",
            "network": "",
            "network_tier": "PREMIUM",
            "port_range": "6443-6443",
            "ports": null,
            "project": "udagram-kubernetes",
            "region": "europe-west3",
            "self_link": "https://www.googleapis.com/compute/v1/projects/udagram-kubernetes/regions/europe-west3/forwardingRules/demo-apiserver",
            "service_label": "",
            "service_name": "",
            "subnetwork": "",
            "target": "https://www.googleapis.com/compute/v1/projects/udagram-kubernetes/regions/europe-west3/targetPools/demo-control-plane",
            "timeouts": null
          },
          "private": "eyJlMmJmYjczMC1lY2FhLTExZTYtOGY4OC0zNDM2M2JjN2M0YzAiOnsiY3JlYXRlIjoyNDAwMDAwMDAwMDAsImRlbGV0ZSI6MjQwMDAwMDAwMDAwLCJ1cGRhdGUiOjI0MDAwMDAwMDAwMH19",
          "dependencies": [
            "google_compute_address.lb_ip",
            "google_compute_http_health_check.control_plane",
            "google_compute_instance.control_plane",
            "google_compute_network.network",
            "google_compute_subnetwork.subnet",
            "google_compute_target_pool.control_plane_pool"
          ]
        }
      ]
    },
    {
      "mode": "managed",
      "type": "google_compute_http_health_check",
      "name": "control_plane",
      "provider": "provider.google",
      "instances": [
        {
          "schema_version": 0,
          "attributes": {
            "check_interval_sec": 5,
            "creation_timestamp": "2020-01-30T21:20:52.027-08:00",
            "description": "",
            "healthy_threshold": 2,
            "host": "",
            "id": "projects/udagram-kubernetes/global/httpHealthChecks/demo-control-plane-health",
            "name": "demo-control-plane-health",
            "port": 10256,
            "project": "udagram-kubernetes",
            "request_path": "/healthz",
            "self_link": "https://www.googleapis.com/compute/v1/projects/udagram-kubernetes/global/httpHealthChecks/demo-control-plane-health",
            "timeout_sec": 3,
            "timeouts": null,
            "unhealthy_threshold": 2
          },
          "private": "eyJlMmJmYjczMC1lY2FhLTExZTYtOGY4OC0zNDM2M2JjN2M0YzAiOnsiY3JlYXRlIjoyNDAwMDAwMDAwMDAsImRlbGV0ZSI6MjQwMDAwMDAwMDAwLCJ1cGRhdGUiOjI0MDAwMDAwMDAwMH19"
        }
      ]
    },
    {
      "mode": "managed",
      "type": "google_compute_instance",
      "name": "control_plane",
      "each": "list",
      "provider": "provider.google",
      "instances": [
        {
          "index_key": 0,
          "schema_version": 6,
          "attributes": {
            "allow_stopping_for_update": true,
            "attached_disk": [],
            "boot_disk": [
              {
                "auto_delete": true,
                "device_name": "persistent-disk-0",
                "disk_encryption_key_raw": "",
                "disk_encryption_key_sha256": "",
                "initialize_params": [
                  {
                    "image": "https://www.googleapis.com/compute/v1/projects/ubuntu-os-cloud/global/images/ubuntu-1804-bionic-v20200129a",
                    "labels": {},
                    "size": 100,
                    "type": "pd-standard"
                  }
                ],
                "kms_key_self_link": "",
                "mode": "READ_WRITE",
                "source": "https://www.googleapis.com/compute/v1/projects/udagram-kubernetes/zones/europe-west3-a/disks/demo-control-plane-1"
              }
            ],
            "can_ip_forward": false,
            "cpu_platform": "Intel Broadwell",
            "deletion_protection": false,
            "description": "",
            "enable_display": false,
            "guest_accelerator": [],
            "hostname": "",
            "id": "projects/udagram-kubernetes/zones/europe-west3-a/instances/demo-control-plane-1",
            "instance_id": "6777934165953087401",
            "label_fingerprint": "42WmSpB8rSM=",
            "labels": null,
            "machine_type": "n1-standard-2",
            "metadata": {
              "sshKeys": "root:ssh-rsa AAAAB3NzaC1yc2EAAAADAQABAAABAQCk7Pe5k3YRMn6R3dahPzfbp54vvkXD2UPT/hXGfRXJxTTW5ETjAb4ijAk4BLE6Jr08xLx4cbSMpuyGlgSEImMb9Wskp+Vl3+GNiaARVlHEQZ2OBTXGug8fu0tcL2/vBVYT4izW0S/7ctaoByiEZ9aEwmcbPKOviLhNdBW3QXoeERPweMgAVSvHmVeptAEpG3/pksCN+4VWdTGE7+389jAvZ22yxEAUi8EC4/SC6hYaJuaGg4Wv66Yw8Pr7+TgmtQTiEB4MEr8ZbalRpnYdOwYs8AErIYq69rQk0rqJk3Q58KB/eWZwoU+kYzGzL7jIP21pgo9a4K00VnMNx2mC7Yzn pieter@bat\n"
            },
            "metadata_fingerprint": "Ti_bpsFAUPI=",
            "metadata_startup_script": "",
            "min_cpu_platform": "",
            "name": "demo-control-plane-1",
            "network_interface": [
              {
                "access_config": [
                  {
                    "nat_ip": "34.89.244.13",
                    "network_tier": "PREMIUM",
                    "public_ptr_domain_name": ""
                  }
                ],
                "alias_ip_range": [],
                "name": "nic0",
                "network": "https://www.googleapis.com/compute/v1/projects/udagram-kubernetes/global/networks/demo",
                "network_ip": "10.240.0.3",
                "subnetwork": "https://www.googleapis.com/compute/v1/projects/udagram-kubernetes/regions/europe-west3/subnetworks/demo-subnet",
                "subnetwork_project": "udagram-kubernetes"
              }
            ],
            "project": "udagram-kubernetes",
            "scheduling": [
              {
                "automatic_restart": true,
                "node_affinities": [],
                "on_host_maintenance": "MIGRATE",
                "preemptible": false
              }
            ],
            "scratch_disk": [],
            "self_link": "https://www.googleapis.com/compute/v1/projects/udagram-kubernetes/zones/europe-west3-a/instances/demo-control-plane-1",
            "service_account": [
              {
                "email": "992999684751-compute@developer.gserviceaccount.com",
                "scopes": [
                  "https://www.googleapis.com/auth/compute",
                  "https://www.googleapis.com/auth/devstorage.read_only",
                  "https://www.googleapis.com/auth/logging.write",
                  "https://www.googleapis.com/auth/monitoring.write",
                  "https://www.googleapis.com/auth/service.management.readonly",
                  "https://www.googleapis.com/auth/servicecontrol"
                ]
              }
            ],
            "shielded_instance_config": [],
            "tags": null,
            "tags_fingerprint": "42WmSpB8rSM=",
            "timeouts": null,
            "zone": "europe-west3-a"
          },
          "private": "eyJlMmJmYjczMC1lY2FhLTExZTYtOGY4OC0zNDM2M2JjN2M0YzAiOnsiY3JlYXRlIjoxMjAwMDAwMDAwMDAwLCJkZWxldGUiOjEyMDAwMDAwMDAwMDAsInVwZGF0ZSI6MTIwMDAwMDAwMDAwMH0sInNjaGVtYV92ZXJzaW9uIjoiNiJ9",
          "dependencies": [
            "google_compute_network.network",
            "google_compute_subnetwork.subnet"
          ]
        },
        {
          "index_key": 1,
          "schema_version": 6,
          "attributes": {
            "allow_stopping_for_update": true,
            "attached_disk": [],
            "boot_disk": [
              {
                "auto_delete": true,
                "device_name": "persistent-disk-0",
                "disk_encryption_key_raw": "",
                "disk_encryption_key_sha256": "",
                "initialize_params": [
                  {
                    "image": "https://www.googleapis.com/compute/v1/projects/ubuntu-os-cloud/global/images/ubuntu-1804-bionic-v20200129a",
                    "labels": {},
                    "size": 100,
                    "type": "pd-standard"
                  }
                ],
                "kms_key_self_link": "",
                "mode": "READ_WRITE",
                "source": "https://www.googleapis.com/compute/v1/projects/udagram-kubernetes/zones/europe-west3-b/disks/demo-control-plane-2"
              }
            ],
            "can_ip_forward": false,
            "cpu_platform": "Intel Broadwell",
            "deletion_protection": false,
            "description": "",
            "enable_display": false,
            "guest_accelerator": [],
            "hostname": "",
            "id": "projects/udagram-kubernetes/zones/europe-west3-b/instances/demo-control-plane-2",
            "instance_id": "3202901266772395945",
            "label_fingerprint": "42WmSpB8rSM=",
            "labels": null,
            "machine_type": "n1-standard-2",
            "metadata": {
              "sshKeys": "root:ssh-rsa AAAAB3NzaC1yc2EAAAADAQABAAABAQCk7Pe5k3YRMn6R3dahPzfbp54vvkXD2UPT/hXGfRXJxTTW5ETjAb4ijAk4BLE6Jr08xLx4cbSMpuyGlgSEImMb9Wskp+Vl3+GNiaARVlHEQZ2OBTXGug8fu0tcL2/vBVYT4izW0S/7ctaoByiEZ9aEwmcbPKOviLhNdBW3QXoeERPweMgAVSvHmVeptAEpG3/pksCN+4VWdTGE7+389jAvZ22yxEAUi8EC4/SC6hYaJuaGg4Wv66Yw8Pr7+TgmtQTiEB4MEr8ZbalRpnYdOwYs8AErIYq69rQk0rqJk3Q58KB/eWZwoU+kYzGzL7jIP21pgo9a4K00VnMNx2mC7Yzn pieter@bat\n"
            },
            "metadata_fingerprint": "Ti_bpsFAUPI=",
            "metadata_startup_script": "",
            "min_cpu_platform": "",
            "name": "demo-control-plane-2",
            "network_interface": [
              {
                "access_config": [
                  {
                    "nat_ip": "34.89.231.224",
                    "network_tier": "PREMIUM",
                    "public_ptr_domain_name": ""
                  }
                ],
                "alias_ip_range": [],
                "name": "nic0",
                "network": "https://www.googleapis.com/compute/v1/projects/udagram-kubernetes/global/networks/demo",
                "network_ip": "10.240.0.2",
                "subnetwork": "https://www.googleapis.com/compute/v1/projects/udagram-kubernetes/regions/europe-west3/subnetworks/demo-subnet",
                "subnetwork_project": "udagram-kubernetes"
              }
            ],
            "project": "udagram-kubernetes",
            "scheduling": [
              {
                "automatic_restart": true,
                "node_affinities": [],
                "on_host_maintenance": "MIGRATE",
                "preemptible": false
              }
            ],
            "scratch_disk": [],
            "self_link": "https://www.googleapis.com/compute/v1/projects/udagram-kubernetes/zones/europe-west3-b/instances/demo-control-plane-2",
            "service_account": [
              {
                "email": "992999684751-compute@developer.gserviceaccount.com",
                "scopes": [
                  "https://www.googleapis.com/auth/compute",
                  "https://www.googleapis.com/auth/devstorage.read_only",
                  "https://www.googleapis.com/auth/logging.write",
                  "https://www.googleapis.com/auth/monitoring.write",
                  "https://www.googleapis.com/auth/service.management.readonly",
                  "https://www.googleapis.com/auth/servicecontrol"
                ]
              }
            ],
            "shielded_instance_config": [],
            "tags": null,
            "tags_fingerprint": "42WmSpB8rSM=",
            "timeouts": null,
            "zone": "europe-west3-b"
          },
          "private": "eyJlMmJmYjczMC1lY2FhLTExZTYtOGY4OC0zNDM2M2JjN2M0YzAiOnsiY3JlYXRlIjoxMjAwMDAwMDAwMDAwLCJkZWxldGUiOjEyMDAwMDAwMDAwMDAsInVwZGF0ZSI6MTIwMDAwMDAwMDAwMH0sInNjaGVtYV92ZXJzaW9uIjoiNiJ9",
          "dependencies": [
            "google_compute_network.network",
            "google_compute_subnetwork.subnet"
          ]
        },
        {
          "index_key": 2,
          "schema_version": 6,
          "attributes": {
            "allow_stopping_for_update": true,
            "attached_disk": [],
            "boot_disk": [
              {
                "auto_delete": true,
                "device_name": "persistent-disk-0",
                "disk_encryption_key_raw": "",
                "disk_encryption_key_sha256": "",
                "initialize_params": [
                  {
                    "image": "https://www.googleapis.com/compute/v1/projects/ubuntu-os-cloud/global/images/ubuntu-1804-bionic-v20200129a",
                    "labels": {},
                    "size": 100,
                    "type": "pd-standard"
                  }
                ],
                "kms_key_self_link": "",
                "mode": "READ_WRITE",
                "source": "https://www.googleapis.com/compute/v1/projects/udagram-kubernetes/zones/europe-west3-c/disks/demo-control-plane-3"
              }
            ],
            "can_ip_forward": false,
            "cpu_platform": "Intel Broadwell",
            "deletion_protection": false,
            "description": "",
            "enable_display": false,
            "guest_accelerator": [],
            "hostname": "",
            "id": "projects/udagram-kubernetes/zones/europe-west3-c/instances/demo-control-plane-3",
            "instance_id": "1811529147896170409",
            "label_fingerprint": "42WmSpB8rSM=",
            "labels": null,
            "machine_type": "n1-standard-2",
            "metadata": {
              "sshKeys": "root:ssh-rsa AAAAB3NzaC1yc2EAAAADAQABAAABAQCk7Pe5k3YRMn6R3dahPzfbp54vvkXD2UPT/hXGfRXJxTTW5ETjAb4ijAk4BLE6Jr08xLx4cbSMpuyGlgSEImMb9Wskp+Vl3+GNiaARVlHEQZ2OBTXGug8fu0tcL2/vBVYT4izW0S/7ctaoByiEZ9aEwmcbPKOviLhNdBW3QXoeERPweMgAVSvHmVeptAEpG3/pksCN+4VWdTGE7+389jAvZ22yxEAUi8EC4/SC6hYaJuaGg4Wv66Yw8Pr7+TgmtQTiEB4MEr8ZbalRpnYdOwYs8AErIYq69rQk0rqJk3Q58KB/eWZwoU+kYzGzL7jIP21pgo9a4K00VnMNx2mC7Yzn pieter@bat\n"
            },
            "metadata_fingerprint": "Ti_bpsFAUPI=",
            "metadata_startup_script": "",
            "min_cpu_platform": "",
            "name": "demo-control-plane-3",
            "network_interface": [
              {
                "access_config": [
                  {
                    "nat_ip": "34.89.214.66",
                    "network_tier": "PREMIUM",
                    "public_ptr_domain_name": ""
                  }
                ],
                "alias_ip_range": [],
                "name": "nic0",
                "network": "https://www.googleapis.com/compute/v1/projects/udagram-kubernetes/global/networks/demo",
                "network_ip": "10.240.0.4",
                "subnetwork": "https://www.googleapis.com/compute/v1/projects/udagram-kubernetes/regions/europe-west3/subnetworks/demo-subnet",
                "subnetwork_project": "udagram-kubernetes"
              }
            ],
            "project": "udagram-kubernetes",
            "scheduling": [
              {
                "automatic_restart": true,
                "node_affinities": [],
                "on_host_maintenance": "MIGRATE",
                "preemptible": false
              }
            ],
            "scratch_disk": [],
            "self_link": "https://www.googleapis.com/compute/v1/projects/udagram-kubernetes/zones/europe-west3-c/instances/demo-control-plane-3",
            "service_account": [
              {
                "email": "992999684751-compute@developer.gserviceaccount.com",
                "scopes": [
                  "https://www.googleapis.com/auth/compute",
                  "https://www.googleapis.com/auth/devstorage.read_only",
                  "https://www.googleapis.com/auth/logging.write",
                  "https://www.googleapis.com/auth/monitoring.write",
                  "https://www.googleapis.com/auth/service.management.readonly",
                  "https://www.googleapis.com/auth/servicecontrol"
                ]
              }
            ],
            "shielded_instance_config": [],
            "tags": null,
            "tags_fingerprint": "42WmSpB8rSM=",
            "timeouts": null,
            "zone": "europe-west3-c"
          },
          "private": "eyJlMmJmYjczMC1lY2FhLTExZTYtOGY4OC0zNDM2M2JjN2M0YzAiOnsiY3JlYXRlIjoxMjAwMDAwMDAwMDAwLCJkZWxldGUiOjEyMDAwMDAwMDAwMDAsInVwZGF0ZSI6MTIwMDAwMDAwMDAwMH0sInNjaGVtYV92ZXJzaW9uIjoiNiJ9",
          "dependencies": [
            "google_compute_network.network",
            "google_compute_subnetwork.subnet"
          ]
        }
      ]
    },
    {
      "mode": "managed",
      "type": "google_compute_network",
      "name": "network",
      "provider": "provider.google",
      "instances": [
        {
          "schema_version": 0,
          "attributes": {
            "auto_create_subnetworks": false,
            "delete_default_routes_on_create": false,
            "description": "",
            "gateway_ipv4": "",
            "id": "projects/udagram-kubernetes/global/networks/demo",
            "ipv4_range": null,
            "name": "demo",
            "project": "udagram-kubernetes",
            "routing_mode": "REGIONAL",
            "self_link": "https://www.googleapis.com/compute/v1/projects/udagram-kubernetes/global/networks/demo",
            "timeouts": null
          }
        }
      ]
    },
    {
      "mode": "managed",
      "type": "google_compute_subnetwork",
      "name": "subnet",
      "provider": "provider.google",
      "instances": [
        {
          "schema_version": 0,
          "attributes": {
            "creation_timestamp": "2020-01-30T21:20:52.300-08:00",
            "description": "",
            "enable_flow_logs": null,
            "fingerprint": null,
            "gateway_address": "10.240.0.1",
            "id": "projects/udagram-kubernetes/regions/europe-west3/subnetworks/demo-subnet",
            "ip_cidr_range": "10.240.0.0/24",
            "log_config": [],
            "name": "demo-subnet",
            "network": "https://www.googleapis.com/compute/v1/projects/udagram-kubernetes/global/networks/demo",
            "private_ip_google_access": false,
            "project": "udagram-kubernetes",
            "region": "europe-west3",
            "secondary_ip_range": [],
            "self_link": "https://www.googleapis.com/compute/v1/projects/udagram-kubernetes/regions/europe-west3/subnetworks/demo-subnet",
            "timeouts": null
          },
          "private": "eyJlMmJmYjczMC1lY2FhLTExZTYtOGY4OC0zNDM2M2JjN2M0YzAiOnsiY3JlYXRlIjozNjAwMDAwMDAwMDAsImRlbGV0ZSI6MzYwMDAwMDAwMDAwLCJ1cGRhdGUiOjM2MDAwMDAwMDAwMH19",
          "dependencies": [
            "google_compute_network.network"
          ]
        }
      ]
    },
    {
      "mode": "managed",
      "type": "google_compute_target_pool",
      "name": "control_plane_pool",
      "provider": "provider.google",
      "instances": [
        {
          "schema_version": 0,
          "attributes": {
            "backup_pool": "",
            "description": "",
            "failover_ratio": 0,
            "health_checks": [
              "https://www.googleapis.com/compute/v1/projects/udagram-kubernetes/global/httpHealthChecks/demo-control-plane-health"
            ],
            "id": "projects/udagram-kubernetes/regions/europe-west3/targetPools/demo-control-plane",
            "instances": [
              "europe-west3-a/demo-control-plane-1"
            ],
            "name": "demo-control-plane",
            "project": "udagram-kubernetes",
            "region": "europe-west3",
            "self_link": "https://www.googleapis.com/compute/v1/projects/udagram-kubernetes/regions/europe-west3/targetPools/demo-control-plane",
            "session_affinity": "NONE"
          },
          "private": "bnVsbA==",
          "dependencies": [
            "google_compute_http_health_check.control_plane",
            "google_compute_instance.control_plane",
            "google_compute_network.network",
            "google_compute_subnetwork.subnet"
          ]
        }
      ]
    }
  ]
}
