{
  "version": 4,
  "terraform_version": "0.12.16",
  "serial": 235,
  "lineage": "b8e84e62-6322-883a-c29f-6c182a39f983",
  "outputs": {
    "kubeone_hosts": {
      "value": {
        "control_plane": {
          "cloud_provider": "gce",
          "cluster_name": "demo",
          "hostnames": [
            "demo-control-plane-1",
            "demo-control-plane-2",
            "demo-control-plane-3"
          ],
          "private_address": [
            "10.240.0.3",
            "10.240.0.2",
            "10.240.0.4"
          ],
          "public_address": [
            "34.89.214.66",
            "35.234.110.225",
            "34.89.244.13"
          ],
          "ssh_agent_socket": "env:SSH_AUTH_SOCK",
          "ssh_port": 22,
          "ssh_private_key_file": "",
          "ssh_user": "root"
        }
      },
      "type": [
        "object",
        {
          "control_plane": [
            "object",
            {
              "cloud_provider": "string",
              "cluster_name": "string",
              "hostnames": [
                "tuple",
                [
                  "string",
                  "string",
                  "string"
                ]
              ],
              "private_address": [
                "tuple",
                [
                  "string",
                  "string",
                  "string"
                ]
              ],
              "public_address": [
                "tuple",
                [
                  "string",
                  "string",
                  "string"
                ]
              ],
              "ssh_agent_socket": "string",
              "ssh_port": "number",
              "ssh_private_key_file": "string",
              "ssh_user": "string"
            }
          ]
        }
      ]
    },
    "kubeone_workers": {
      "value": {
        "demo-pool1": {
          "providerSpec": {
            "cloudProviderSpec": {
              "assignPublicIPAddress": true,
              "diskSize": 50,
              "diskType": "pd-ssd",
              "labels": {
                "demo-workers": "pool1"
              },
              "machineType": "n1-highmem-2",
              "multizone": true,
              "network": "https://www.googleapis.com/compute/v1/projects/udagram-kubernetes/global/networks/demo",
              "preemptible": false,
              "regional": false,
              "subnetwork": "https://www.googleapis.com/compute/v1/projects/udagram-kubernetes/regions/europe-west3/subnetworks/demo-subnet",
              "tags": [
                "firewall",
                "targets",
                "demo-pool1"
              ],
              "zone": "europe-west3-a"
            },
            "operatingSystem": "ubuntu",
            "operatingSystemSpec": {
              "distUpgradeOnBoot": false
            },
            "sshPublicKeys": [
              "ssh-rsa AAAAB3NzaC1yc2EAAAADAQABAAABAQCk7Pe5k3YRMn6R3dahPzfbp54vvkXD2UPT/hXGfRXJxTTW5ETjAb4ijAk4BLE6Jr08xLx4cbSMpuyGlgSEImMb9Wskp+Vl3+GNiaARVlHEQZ2OBTXGug8fu0tcL2/vBVYT4izW0S/7ctaoByiEZ9aEwmcbPKOviLhNdBW3QXoeERPweMgAVSvHmVeptAEpG3/pksCN+4VWdTGE7+389jAvZ22yxEAUi8EC4/SC6hYaJuaGg4Wv66Yw8Pr7+TgmtQTiEB4MEr8ZbalRpnYdOwYs8AErIYq69rQk0rqJk3Q58KB/eWZwoU+kYzGzL7jIP21pgo9a4K00VnMNx2mC7Yzn pieter@bat\n"
            ]
          },
          "replicas": 1
        }
      },
      "type": [
        "object",
        {
          "demo-pool1": [
            "object",
            {
              "providerSpec": [
                "object",
                {
                  "cloudProviderSpec": [
                    "object",
                    {
                      "assignPublicIPAddress": "bool",
                      "diskSize": "number",
                      "diskType": "string",
                      "labels": [
                        "object",
                        {
                          "demo-workers": "string"
                        }
                      ],
                      "machineType": "string",
                      "multizone": "bool",
                      "network": "string",
                      "preemptible": "bool",
                      "regional": "bool",
                      "subnetwork": "string",
                      "tags": [
                        "tuple",
                        [
                          "string",
                          "string",
                          "string"
                        ]
                      ],
                      "zone": "string"
                    }
                  ],
                  "operatingSystem": "string",
                  "operatingSystemSpec": [
                    "object",
                    {
                      "distUpgradeOnBoot": "bool"
                    }
                  ],
                  "sshPublicKeys": [
                    "tuple",
                    [
                      "string"
                    ]
                  ]
                }
              ],
              "replicas": "number"
            }
          ]
        }
      ]
    }
  },
  "resources": [
    {
      "mode": "managed",
      "type": "google_compute_instance",
      "name": "control_plane",
      "each": "list",
      "provider": "provider.google",
      "instances": []
    },
    {
      "mode": "managed",
      "type": "google_compute_network",
      "name": "network",
      "provider": "provider.google",
      "instances": [
        {
          "schema_version": 0,
          "attributes": {
            "auto_create_subnetworks": false,
            "delete_default_routes_on_create": false,
            "description": "",
            "gateway_ipv4": "",
            "id": "projects/udagram-kubernetes/global/networks/demo",
            "ipv4_range": null,
            "name": "demo",
            "project": "udagram-kubernetes",
            "routing_mode": "REGIONAL",
            "self_link": "https://www.googleapis.com/compute/v1/projects/udagram-kubernetes/global/networks/demo",
            "timeouts": null
          }
        }
      ]
    }
  ]
}
